// !$*UTF8*$!
{
	archiveVersion = 1;
	classes = {
	};
	objectVersion = 46;
	objects = {

/* Begin PBXBuildFile section */
		187EE2E41FEA4F9A0032AC6E /* aa512.png in Resources */ = {isa = PBXBuildFile; fileRef = 187EE2DF1FEA4F9A0032AC6E /* aa512.png */; };
		187EE2E51FEA4F9A0032AC6E /* aa640.png in Resources */ = {isa = PBXBuildFile; fileRef = 187EE2E01FEA4F9A0032AC6E /* aa640.png */; };
		187EE2E61FEA4F9A0032AC6E /* aa960.png in Resources */ = {isa = PBXBuildFile; fileRef = 187EE2E11FEA4F9A0032AC6E /* aa960.png */; };
		187EE2E71FEA4F9A0032AC6E /* aa1024.png in Resources */ = {isa = PBXBuildFile; fileRef = 187EE2E21FEA4F9A0032AC6E /* aa1024.png */; };
		187EE2E81FEA4F9A0032AC6E /* aa2000.png in Resources */ = {isa = PBXBuildFile; fileRef = 187EE2E31FEA4F9A0032AC6E /* aa2000.png */; };
		187EE2EA1FEA7E510032AC6E /* aa64.png in Resources */ = {isa = PBXBuildFile; fileRef = 187EE2E91FEA7E510032AC6E /* aa64.png */; };
		18B1B4321FDBE9730010E7FC /* ColColorListCell.swift in Sources */ = {isa = PBXBuildFile; fileRef = 18B1B42F1FDBE9730010E7FC /* ColColorListCell.swift */; };
		18B1B4341FDBE9730010E7FC /* ViewController.swift in Sources */ = {isa = PBXBuildFile; fileRef = 18B1B4311FDBE9730010E7FC /* ViewController.swift */; };
		18F66B9F1FDAAD9F0001FBA4 /* AppDelegate.swift in Sources */ = {isa = PBXBuildFile; fileRef = 18F66B9E1FDAAD9F0001FBA4 /* AppDelegate.swift */; };
		18F66BA41FDAAD9F0001FBA4 /* Main.storyboard in Resources */ = {isa = PBXBuildFile; fileRef = 18F66BA21FDAAD9F0001FBA4 /* Main.storyboard */; };
		18F66BA61FDAAD9F0001FBA4 /* Assets.xcassets in Resources */ = {isa = PBXBuildFile; fileRef = 18F66BA51FDAAD9F0001FBA4 /* Assets.xcassets */; };
		18F66BA91FDAAD9F0001FBA4 /* LaunchScreen.storyboard in Resources */ = {isa = PBXBuildFile; fileRef = 18F66BA71FDAAD9F0001FBA4 /* LaunchScreen.storyboard */; };
		38FF5DC7FC4DF3C5DCCFF973 /* Pods_TDColorProcessing.framework in Frameworks */ = {isa = PBXBuildFile; fileRef = 9AB682A22DFFDB495DF3DAED /* Pods_TDColorProcessing.framework */; };
/* End PBXBuildFile section */

/* Begin PBXFileReference section */
		187EE2DF1FEA4F9A0032AC6E /* aa512.png */ = {isa = PBXFileReference; lastKnownFileType = image.png; path = aa512.png; sourceTree = "<group>"; };
		187EE2E01FEA4F9A0032AC6E /* aa640.png */ = {isa = PBXFileReference; lastKnownFileType = image.png; path = aa640.png; sourceTree = "<group>"; };
		187EE2E11FEA4F9A0032AC6E /* aa960.png */ = {isa = PBXFileReference; lastKnownFileType = image.png; path = aa960.png; sourceTree = "<group>"; };
		187EE2E21FEA4F9A0032AC6E /* aa1024.png */ = {isa = PBXFileReference; lastKnownFileType = image.png; path = aa1024.png; sourceTree = "<group>"; };
		187EE2E31FEA4F9A0032AC6E /* aa2000.png */ = {isa = PBXFileReference; lastKnownFileType = image.png; path = aa2000.png; sourceTree = "<group>"; };
		187EE2E91FEA7E510032AC6E /* aa64.png */ = {isa = PBXFileReference; lastKnownFileType = image.png; path = aa64.png; sourceTree = "<group>"; };
		18B1B42F1FDBE9730010E7FC /* ColColorListCell.swift */ = {isa = PBXFileReference; fileEncoding = 4; lastKnownFileType = sourcecode.swift; path = ColColorListCell.swift; sourceTree = "<group>"; };
		18B1B4311FDBE9730010E7FC /* ViewController.swift */ = {isa = PBXFileReference; fileEncoding = 4; lastKnownFileType = sourcecode.swift; path = ViewController.swift; sourceTree = "<group>"; };
		18F66B9B1FDAAD9F0001FBA4 /* TDColorProcessing.app */ = {isa = PBXFileReference; explicitFileType = wrapper.application; includeInIndex = 0; path = TDColorProcessing.app; sourceTree = BUILT_PRODUCTS_DIR; };
		18F66B9E1FDAAD9F0001FBA4 /* AppDelegate.swift */ = {isa = PBXFileReference; lastKnownFileType = sourcecode.swift; path = AppDelegate.swift; sourceTree = "<group>"; };
		18F66BA31FDAAD9F0001FBA4 /* Base */ = {isa = PBXFileReference; lastKnownFileType = file.storyboard; name = Base; path = Base.lproj/Main.storyboard; sourceTree = "<group>"; };
		18F66BA51FDAAD9F0001FBA4 /* Assets.xcassets */ = {isa = PBXFileReference; lastKnownFileType = folder.assetcatalog; path = Assets.xcassets; sourceTree = "<group>"; };
		18F66BA81FDAAD9F0001FBA4 /* Base */ = {isa = PBXFileReference; lastKnownFileType = file.storyboard; name = Base; path = Base.lproj/LaunchScreen.storyboard; sourceTree = "<group>"; };
		18F66BAA1FDAAD9F0001FBA4 /* Info.plist */ = {isa = PBXFileReference; lastKnownFileType = text.plist.xml; path = Info.plist; sourceTree = "<group>"; };
		51B7DB829624A27E7C9349F7 /* Pods-TDColorProcessing.debug.xcconfig */ = {isa = PBXFileReference; includeInIndex = 1; lastKnownFileType = text.xcconfig; name = "Pods-TDColorProcessing.debug.xcconfig"; path = "Pods/Target Support Files/Pods-TDColorProcessing/Pods-TDColorProcessing.debug.xcconfig"; sourceTree = "<group>"; };
		611FF219822018CD3AFE02BB /* Pods-TDColorProcessing.release.xcconfig */ = {isa = PBXFileReference; includeInIndex = 1; lastKnownFileType = text.xcconfig; name = "Pods-TDColorProcessing.release.xcconfig"; path = "Pods/Target Support Files/Pods-TDColorProcessing/Pods-TDColorProcessing.release.xcconfig"; sourceTree = "<group>"; };
		9AB682A22DFFDB495DF3DAED /* Pods_TDColorProcessing.framework */ = {isa = PBXFileReference; explicitFileType = wrapper.framework; includeInIndex = 0; path = Pods_TDColorProcessing.framework; sourceTree = BUILT_PRODUCTS_DIR; };
/* End PBXFileReference section */

/* Begin PBXFrameworksBuildPhase section */
		18F66B981FDAAD9F0001FBA4 /* Frameworks */ = {
			isa = PBXFrameworksBuildPhase;
			buildActionMask = 2147483647;
			files = (
				38FF5DC7FC4DF3C5DCCFF973 /* Pods_TDColorProcessing.framework in Frameworks */,
			);
			runOnlyForDeploymentPostprocessing = 0;
		};
/* End PBXFrameworksBuildPhase section */

/* Begin PBXGroup section */
		18B1B42E1FDBE9730010E7FC /* FirstVC */ = {
			isa = PBXGroup;
			children = (
				18B1B42F1FDBE9730010E7FC /* ColColorListCell.swift */,
				18B1B4311FDBE9730010E7FC /* ViewController.swift */,
			);
			path = FirstVC;
			sourceTree = "<group>";
		};
		18F66B921FDAAD9F0001FBA4 = {
			isa = PBXGroup;
			children = (
				187EE2E91FEA7E510032AC6E /* aa64.png */,
				187EE2DF1FEA4F9A0032AC6E /* aa512.png */,
				187EE2E01FEA4F9A0032AC6E /* aa640.png */,
				187EE2E11FEA4F9A0032AC6E /* aa960.png */,
				187EE2E21FEA4F9A0032AC6E /* aa1024.png */,
				187EE2E31FEA4F9A0032AC6E /* aa2000.png */,
				18F66B9D1FDAAD9F0001FBA4 /* TDColorProcessing */,
				18F66B9C1FDAAD9F0001FBA4 /* Products */,
				4F4C8264B59017B15B6E2C8B /* Pods */,
				BFA986EF7964C50771641DFC /* Frameworks */,
			);
			sourceTree = "<group>";
		};
		18F66B9C1FDAAD9F0001FBA4 /* Products */ = {
			isa = PBXGroup;
			children = (
				18F66B9B1FDAAD9F0001FBA4 /* TDColorProcessing.app */,
			);
			name = Products;
			sourceTree = "<group>";
		};
		18F66B9D1FDAAD9F0001FBA4 /* TDColorProcessing */ = {
			isa = PBXGroup;
			children = (
				18F66B9E1FDAAD9F0001FBA4 /* AppDelegate.swift */,
				18B1B42E1FDBE9730010E7FC /* FirstVC */,
				18F66BA21FDAAD9F0001FBA4 /* Main.storyboard */,
				18F66BA51FDAAD9F0001FBA4 /* Assets.xcassets */,
				18F66BA71FDAAD9F0001FBA4 /* LaunchScreen.storyboard */,
				18F66BAA1FDAAD9F0001FBA4 /* Info.plist */,
			);
			path = TDColorProcessing;
			sourceTree = "<group>";
		};
		4F4C8264B59017B15B6E2C8B /* Pods */ = {
			isa = PBXGroup;
			children = (
				51B7DB829624A27E7C9349F7 /* Pods-TDColorProcessing.debug.xcconfig */,
				611FF219822018CD3AFE02BB /* Pods-TDColorProcessing.release.xcconfig */,
			);
			name = Pods;
			sourceTree = "<group>";
		};
		BFA986EF7964C50771641DFC /* Frameworks */ = {
			isa = PBXGroup;
			children = (
				9AB682A22DFFDB495DF3DAED /* Pods_TDColorProcessing.framework */,
			);
			name = Frameworks;
			sourceTree = "<group>";
		};
/* End PBXGroup section */

/* Begin PBXNativeTarget section */
		18F66B9A1FDAAD9F0001FBA4 /* TDColorProcessing */ = {
			isa = PBXNativeTarget;
			buildConfigurationList = 18F66BAD1FDAAD9F0001FBA4 /* Build configuration list for PBXNativeTarget "TDColorProcessing" */;
			buildPhases = (
				FC45F62F5454A2106C445F66 /* [CP] Check Pods Manifest.lock */,
				18F66B971FDAAD9F0001FBA4 /* Sources */,
				18F66B981FDAAD9F0001FBA4 /* Frameworks */,
				18F66B991FDAAD9F0001FBA4 /* Resources */,
				CB62432E9DBFA54D63961A8D /* [CP] Embed Pods Frameworks */,
				1A8682263C8BCE59B3876665 /* [CP] Copy Pods Resources */,
			);
			buildRules = (
			);
			dependencies = (
			);
			name = TDColorProcessing;
			productName = TDColorProcessing;
			productReference = 18F66B9B1FDAAD9F0001FBA4 /* TDColorProcessing.app */;
			productType = "com.apple.product-type.application";
		};
/* End PBXNativeTarget section */

/* Begin PBXProject section */
		18F66B931FDAAD9F0001FBA4 /* Project object */ = {
			isa = PBXProject;
			attributes = {
				LastSwiftUpdateCheck = 0830;
				LastUpgradeCheck = 0830;
				ORGANIZATIONNAME = "Isols Group";
				TargetAttributes = {
					18F66B9A1FDAAD9F0001FBA4 = {
						CreatedOnToolsVersion = 8.3.3;
						DevelopmentTeam = C7P36NR8J7;
						ProvisioningStyle = Automatic;
					};
				};
			};
			buildConfigurationList = 18F66B961FDAAD9F0001FBA4 /* Build configuration list for PBXProject "TDColorProcessing" */;
			compatibilityVersion = "Xcode 3.2";
			developmentRegion = English;
			hasScannedForEncodings = 0;
			knownRegions = (
				en,
				Base,
			);
			mainGroup = 18F66B921FDAAD9F0001FBA4;
			productRefGroup = 18F66B9C1FDAAD9F0001FBA4 /* Products */;
			projectDirPath = "";
			projectRoot = "";
			targets = (
				18F66B9A1FDAAD9F0001FBA4 /* TDColorProcessing */,
			);
		};
/* End PBXProject section */

/* Begin PBXResourcesBuildPhase section */
		18F66B991FDAAD9F0001FBA4 /* Resources */ = {
			isa = PBXResourcesBuildPhase;
			buildActionMask = 2147483647;
			files = (
				18F66BA91FDAAD9F0001FBA4 /* LaunchScreen.storyboard in Resources */,
				187EE2E81FEA4F9A0032AC6E /* aa2000.png in Resources */,
				187EE2EA1FEA7E510032AC6E /* aa64.png in Resources */,
				187EE2E51FEA4F9A0032AC6E /* aa640.png in Resources */,
				18F66BA61FDAAD9F0001FBA4 /* Assets.xcassets in Resources */,
				187EE2E41FEA4F9A0032AC6E /* aa512.png in Resources */,
				18F66BA41FDAAD9F0001FBA4 /* Main.storyboard in Resources */,
				187EE2E71FEA4F9A0032AC6E /* aa1024.png in Resources */,
				187EE2E61FEA4F9A0032AC6E /* aa960.png in Resources */,
			);
			runOnlyForDeploymentPostprocessing = 0;
		};
/* End PBXResourcesBuildPhase section */

/* Begin PBXShellScriptBuildPhase section */
		1A8682263C8BCE59B3876665 /* [CP] Copy Pods Resources */ = {
			isa = PBXShellScriptBuildPhase;
			buildActionMask = 2147483647;
			files = (
			);
			inputPaths = (
			);
			name = "[CP] Copy Pods Resources";
			outputPaths = (
			);
			runOnlyForDeploymentPostprocessing = 0;
			shellPath = /bin/sh;
			shellScript = "\"${SRCROOT}/Pods/Target Support Files/Pods-TDColorProcessing/Pods-TDColorProcessing-resources.sh\"\n";
			showEnvVarsInLog = 0;
		};
		CB62432E9DBFA54D63961A8D /* [CP] Embed Pods Frameworks */ = {
			isa = PBXShellScriptBuildPhase;
			buildActionMask = 2147483647;
			files = (
			);
			inputPaths = (
				"${SRCROOT}/Pods/Target Support Files/Pods-TDColorProcessing/Pods-TDColorProcessing-frameworks.sh",
				"${BUILT_PRODUCTS_DIR}/PaintBucket/PaintBucket.framework",
			);
			name = "[CP] Embed Pods Frameworks";
			outputPaths = (
				"${TARGET_BUILD_DIR}/${FRAMEWORKS_FOLDER_PATH}/PaintBucket.framework",
			);
			runOnlyForDeploymentPostprocessing = 0;
			shellPath = /bin/sh;
			shellScript = "\"${SRCROOT}/Pods/Target Support Files/Pods-TDColorProcessing/Pods-TDColorProcessing-frameworks.sh\"\n";
			showEnvVarsInLog = 0;
		};
		FC45F62F5454A2106C445F66 /* [CP] Check Pods Manifest.lock */ = {
			isa = PBXShellScriptBuildPhase;
			buildActionMask = 2147483647;
			files = (
			);
			inputPaths = (
				"${PODS_PODFILE_DIR_PATH}/Podfile.lock",
				"${PODS_ROOT}/Manifest.lock",
			);
			name = "[CP] Check Pods Manifest.lock";
			outputPaths = (
				"$(DERIVED_FILE_DIR)/Pods-TDColorProcessing-checkManifestLockResult.txt",
			);
			runOnlyForDeploymentPostprocessing = 0;
			shellPath = /bin/sh;
			shellScript = "diff \"${PODS_PODFILE_DIR_PATH}/Podfile.lock\" \"${PODS_ROOT}/Manifest.lock\" > /dev/null\nif [ $? != 0 ] ; then\n    # print error to STDERR\n    echo \"error: The sandbox is not in sync with the Podfile.lock. Run 'pod install' or update your CocoaPods installation.\" >&2\n    exit 1\nfi\n# This output is used by Xcode 'outputs' to avoid re-running this script phase.\necho \"SUCCESS\" > \"${SCRIPT_OUTPUT_FILE_0}\"\n";
			showEnvVarsInLog = 0;
		};
/* End PBXShellScriptBuildPhase section */

/* Begin PBXSourcesBuildPhase section */
		18F66B971FDAAD9F0001FBA4 /* Sources */ = {
			isa = PBXSourcesBuildPhase;
			buildActionMask = 2147483647;
			files = (
				18B1B4321FDBE9730010E7FC /* ColColorListCell.swift in Sources */,
				18B1B4341FDBE9730010E7FC /* ViewController.swift in Sources */,
				18F66B9F1FDAAD9F0001FBA4 /* AppDelegate.swift in Sources */,
			);
			runOnlyForDeploymentPostprocessing = 0;
		};
/* End PBXSourcesBuildPhase section */

/* Begin PBXVariantGroup section */
		18F66BA21FDAAD9F0001FBA4 /* Main.storyboard */ = {
			isa = PBXVariantGroup;
			children = (
				18F66BA31FDAAD9F0001FBA4 /* Base */,
			);
			name = Main.storyboard;
			sourceTree = "<group>";
		};
		18F66BA71FDAAD9F0001FBA4 /* LaunchScreen.storyboard */ = {
			isa = PBXVariantGroup;
			children = (
				18F66BA81FDAAD9F0001FBA4 /* Base */,
			);
			name = LaunchScreen.storyboard;
			sourceTree = "<group>";
		};
/* End PBXVariantGroup section */

/* Begin XCBuildConfiguration section */
		18F66BAB1FDAAD9F0001FBA4 /* Debug */ = {
			isa = XCBuildConfiguration;
			buildSettings = {
				ALWAYS_SEARCH_USER_PATHS = NO;
				CLANG_ANALYZER_NONNULL = YES;
				CLANG_ANALYZER_NUMBER_OBJECT_CONVERSION = YES_AGGRESSIVE;
				CLANG_CXX_LANGUAGE_STANDARD = "gnu++0x";
				CLANG_CXX_LIBRARY = "libc++";
				CLANG_ENABLE_MODULES = YES;
				CLANG_ENABLE_OBJC_ARC = YES;
				CLANG_WARN_BOOL_CONVERSION = YES;
				CLANG_WARN_CONSTANT_CONVERSION = YES;
				CLANG_WARN_DIRECT_OBJC_ISA_USAGE = YES_ERROR;
				CLANG_WARN_DOCUMENTATION_COMMENTS = YES;
				CLANG_WARN_EMPTY_BODY = YES;
				CLANG_WARN_ENUM_CONVERSION = YES;
				CLANG_WARN_INFINITE_RECURSION = YES;
				CLANG_WARN_INT_CONVERSION = YES;
				CLANG_WARN_OBJC_ROOT_CLASS = YES_ERROR;
				CLANG_WARN_SUSPICIOUS_MOVE = YES;
				CLANG_WARN_UNREACHABLE_CODE = YES;
				CLANG_WARN__DUPLICATE_METHOD_MATCH = YES;
				"CODE_SIGN_IDENTITY[sdk=iphoneos*]" = "iPhone Developer";
				COPY_PHASE_STRIP = NO;
				DEBUG_INFORMATION_FORMAT = dwarf;
				ENABLE_STRICT_OBJC_MSGSEND = YES;
				ENABLE_TESTABILITY = YES;
				GCC_C_LANGUAGE_STANDARD = gnu99;
				GCC_DYNAMIC_NO_PIC = NO;
				GCC_NO_COMMON_BLOCKS = YES;
				GCC_OPTIMIZATION_LEVEL = 0;
				GCC_PREPROCESSOR_DEFINITIONS = (
					"DEBUG=1",
					"$(inherited)",
				);
				GCC_WARN_64_TO_32_BIT_CONVERSION = YES;
				GCC_WARN_ABOUT_RETURN_TYPE = YES_ERROR;
				GCC_WARN_UNDECLARED_SELECTOR = YES;
				GCC_WARN_UNINITIALIZED_AUTOS = YES_AGGRESSIVE;
				GCC_WARN_UNUSED_FUNCTION = YES;
				GCC_WARN_UNUSED_VARIABLE = YES;
				IPHONEOS_DEPLOYMENT_TARGET = 10.3;
				MTL_ENABLE_DEBUG_INFO = YES;
				ONLY_ACTIVE_ARCH = YES;
				SDKROOT = iphoneos;
				SWIFT_ACTIVE_COMPILATION_CONDITIONS = DEBUG;
				SWIFT_OPTIMIZATION_LEVEL = "-Onone";
				TARGETED_DEVICE_FAMILY = "1,2";
			};
			name = Debug;
		};
		18F66BAC1FDAAD9F0001FBA4 /* Release */ = {
			isa = XCBuildConfiguration;
			buildSettings = {
				ALWAYS_SEARCH_USER_PATHS = NO;
				CLANG_ANALYZER_NONNULL = YES;
				CLANG_ANALYZER_NUMBER_OBJECT_CONVERSION = YES_AGGRESSIVE;
				CLANG_CXX_LANGUAGE_STANDARD = "gnu++0x";
				CLANG_CXX_LIBRARY = "libc++";
				CLANG_ENABLE_MODULES = YES;
				CLANG_ENABLE_OBJC_ARC = YES;
				CLANG_WARN_BOOL_CONVERSION = YES;
				CLANG_WARN_CONSTANT_CONVERSION = YES;
				CLANG_WARN_DIRECT_OBJC_ISA_USAGE = YES_ERROR;
				CLANG_WARN_DOCUMENTATION_COMMENTS = YES;
				CLANG_WARN_EMPTY_BODY = YES;
				CLANG_WARN_ENUM_CONVERSION = YES;
				CLANG_WARN_INFINITE_RECURSION = YES;
				CLANG_WARN_INT_CONVERSION = YES;
				CLANG_WARN_OBJC_ROOT_CLASS = YES_ERROR;
				CLANG_WARN_SUSPICIOUS_MOVE = YES;
				CLANG_WARN_UNREACHABLE_CODE = YES;
				CLANG_WARN__DUPLICATE_METHOD_MATCH = YES;
				"CODE_SIGN_IDENTITY[sdk=iphoneos*]" = "iPhone Developer";
				COPY_PHASE_STRIP = NO;
				DEBUG_INFORMATION_FORMAT = "dwarf-with-dsym";
				ENABLE_NS_ASSERTIONS = NO;
				ENABLE_STRICT_OBJC_MSGSEND = YES;
				GCC_C_LANGUAGE_STANDARD = gnu99;
				GCC_NO_COMMON_BLOCKS = YES;
				GCC_WARN_64_TO_32_BIT_CONVERSION = YES;
				GCC_WARN_ABOUT_RETURN_TYPE = YES_ERROR;
				GCC_WARN_UNDECLARED_SELECTOR = YES;
				GCC_WARN_UNINITIALIZED_AUTOS = YES_AGGRESSIVE;
				GCC_WARN_UNUSED_FUNCTION = YES;
				GCC_WARN_UNUSED_VARIABLE = YES;
				IPHONEOS_DEPLOYMENT_TARGET = 10.3;
				MTL_ENABLE_DEBUG_INFO = NO;
				SDKROOT = iphoneos;
				SWIFT_OPTIMIZATION_LEVEL = "-Owholemodule";
				TARGETED_DEVICE_FAMILY = "1,2";
				VALIDATE_PRODUCT = YES;
			};
			name = Release;
		};
		18F66BAE1FDAAD9F0001FBA4 /* Debug */ = {
			isa = XCBuildConfiguration;
			baseConfigurationReference = 51B7DB829624A27E7C9349F7 /* Pods-TDColorProcessing.debug.xcconfig */;
			buildSettings = {
				ASSETCATALOG_COMPILER_APPICON_NAME = AppIcon;
				"CODE_SIGN_IDENTITY[sdk=iphoneos*]" = "iPhone Developer";
				DEVELOPMENT_TEAM = C7P36NR8J7;
				INFOPLIST_FILE = TDColorProcessing/Info.plist;
				LD_RUNPATH_SEARCH_PATHS = "$(inherited) @executable_path/Frameworks";
				PRODUCT_BUNDLE_IDENTIFIER = com.dahiyaboy.TDColorProcessing;
				PRODUCT_NAME = "$(TARGET_NAME)";
				PROVISIONING_PROFILE_SPECIFIER = "";
				SWIFT_VERSION = 3.0;
			};
			name = Debug;
		};
		18F66BAF1FDAAD9F0001FBA4 /* Release */ = {
			isa = XCBuildConfiguration;
			baseConfigurationReference = 611FF219822018CD3AFE02BB /* Pods-TDColorProcessing.release.xcconfig */;
			buildSettings = {
				ASSETCATALOG_COMPILER_APPICON_NAME = AppIcon;
				"CODE_SIGN_IDENTITY[sdk=iphoneos*]" = "iPhone Developer";
				DEVELOPMENT_TEAM = C7P36NR8J7;
				INFOPLIST_FILE = TDColorProcessing/Info.plist;
				LD_RUNPATH_SEARCH_PATHS = "$(inherited) @executable_path/Frameworks";
				PRODUCT_BUNDLE_IDENTIFIER = com.dahiyaboy.TDColorProcessing;
				PRODUCT_NAME = "$(TARGET_NAME)";
				PROVISIONING_PROFILE_SPECIFIER = "";
				SWIFT_VERSION = 3.0;
			};
			name = Release;
		};
/* End XCBuildConfiguration section */

/* Begin XCConfigurationList section */
		18F66B961FDAAD9F0001FBA4 /* Build configuration list for PBXProject "TDColorProcessing" */ = {
			isa = XCConfigurationList;
			buildConfigurations = (
				18F66BAB1FDAAD9F0001FBA4 /* Debug */,
				18F66BAC1FDAAD9F0001FBA4 /* Release */,
			);
			defaultConfigurationIsVisible = 0;
			defaultConfigurationName = Release;
		};
		18F66BAD1FDAAD9F0001FBA4 /* Build configuration list for PBXNativeTarget "TDColorProcessing" */ = {
			isa = XCConfigurationList;
			buildConfigurations = (
				18F66BAE1FDAAD9F0001FBA4 /* Debug */,
				18F66BAF1FDAAD9F0001FBA4 /* Release */,
			);
			defaultConfigurationIsVisible = 0;
			defaultConfigurationName = Release;
		};
/* End XCConfigurationList section */
	};
	rootObject = 18F66B931FDAAD9F0001FBA4 /* Project object */;
}
